{
    "hash": "6916c720e664061e7a2471105143f60e",
    "packages": [
        {
            "package": "composer/composer",
            "version": "dev-master",
            "alias-pretty-version": "1.0.x-dev",
            "alias-version": "1.0.9999999.9999999-dev"
        },
        {
            "package": "composer/composer",
            "version": "dev-master",
            "source-reference": "a2171e2ed1a6f9a8125163cb05947294d67cd4c0",
            "commit-date": "1345108950"
        },
        {
            "package": "dflydev/markdown",
            "version": "dev-master",
            "alias-pretty-version": "1.0.x-dev",
            "alias-version": "1.0.9999999.9999999-dev"
        },
        {
            "package": "dflydev/markdown",
            "version": "dev-master",
            "source-reference": "11f8faa2d17f717a038b4d372abd22a6ac4a15dc",
            "commit-date": "1342369887"
        },
        {
            "package": "justinrainbow/json-schema",
            "version": "1.1.0"
        },
        {
            "package": "seld/jsonlint",
            "version": "1.0.0"
        },
        {
            "package": "slim/slim",
            "version": "1.6.2"
        },
        {
            "package": "symfony/console",
            "version": "dev-master",
            "alias-pretty-version": "2.1.x-dev",
            "alias-version": "2.1.9999999.9999999-dev"
        },
        {
            "package": "symfony/console",
            "version": "dev-master",
            "source-reference": "3b66f1056f5ac37146d3b755964e8a43a205f2f5",
            "commit-date": "1344349441"
        },
        {
            "package": "symfony/finder",
            "version": "dev-master",
            "alias-pretty-version": "2.1.x-dev",
            "alias-version": "2.1.9999999.9999999-dev"
        },
        {
            "package": "symfony/finder",
            "version": "dev-master",
            "source-reference": "1af11ab3a686f9c45f2a8d9d721d5717cdd5f1d6",
            "commit-date": "1345026762"
        },
        {
            "package": "symfony/process",
            "version": "dev-master",
            "alias-pretty-version": "2.1.x-dev",
            "alias-version": "2.1.9999999.9999999-dev"
        },
        {
            "package": "symfony/process",
            "version": "dev-master",
            "source-reference": "v2.1.0-RC1",
            "commit-date": "1343512949"
        }
    ],
    "packages-dev": [

    ],
    "aliases": [

    ],
    "minimum-stability": "dev",
    "stability-flags": {
        "dflydev/markdown": 20
    }
}
